{
  "requires": true,
  "lockfileVersion": 1,
  "dependencies": {
    "@ng-web-apis/common": {
      "version": "1.9.0",
      "resolved": "https://registry.npmjs.org/@ng-web-apis/common/-/common-1.9.0.tgz",
      "integrity": "sha512-Q0ZRhCEuiOwCfZv88B1xudVuSPdr3ujMcuc/JON9X/7Fu245yDRNJZD0p+uHiHfjkG+/6H2VpIY/K4ziJiQ6yg==",
      "requires": {
        "network-information-types": "^0.1.0",
        "tslib": "^1.9.0"
      }
    },
    "@ng-web-apis/intersection-observer": {
      "version": "2.0.1",
      "resolved": "https://registry.npmjs.org/@ng-web-apis/intersection-observer/-/intersection-observer-2.0.1.tgz",
      "integrity": "sha512-HKWOnfPOZziAKeOjLGZHntCl/M9FCJmnIUfzhZWTLIDdvheghcIQ0qMvfXcpGJpwkbm+MiIEOwEqb/c3FtBBYg==",
      "requires": {
        "tslib": "^1.9.0"
      }
    },
    "@ng-web-apis/mutation-observer": {
      "version": "1.1.0",
      "resolved": "https://registry.npmjs.org/@ng-web-apis/mutation-observer/-/mutation-observer-1.1.0.tgz",
      "integrity": "sha512-ThcsCaGCXf07xvIAFdP967MVxE74rH6dfZtoKky6RR69aMhdPz0AQuevVKIpcX4mU2P3ROpZhqP8MGhWD7DnOg==",
      "requires": {
        "tslib": "^1.9.0"
      }
    },
    "@ng-web-apis/resize-observer": {
      "version": "1.0.3",
      "resolved": "https://registry.npmjs.org/@ng-web-apis/resize-observer/-/resize-observer-1.0.3.tgz",
      "integrity": "sha512-ddmhxlca4knmN7BicgPTBScYXNTEKKF3z2WXPgmhOTxhVOyg/HHRDtq5nDljJt1eEaut2gcnhgDm4/6eGfedWw==",
      "requires": {
        "tslib": "^1.9.0"
      }
    },
    "@taiga-ui/cdk": {
      "version": "2.7.0",
      "resolved": "https://registry.npmjs.org/@taiga-ui/cdk/-/cdk-2.7.0.tgz",
      "integrity": "sha512-Y1bmYRlaRWOzRmZqldPzOdUeIoDhnfCa6yRLoDwwtCsvw2cwykACrJi5MLtl4YA6QzvoI8Gl/+ffoEHYhG37Rg==",
      "requires": {
        "@ng-web-apis/common": "1.9.0",
        "@ng-web-apis/mutation-observer": "1.1.0",
        "@ng-web-apis/resize-observer": "1.0.3",
        "@tinkoff/ng-event-plugins": "2.1.3",
        "@tinkoff/ng-polymorpheus": "3.0.0",
        "@types/resize-observer-browser": "0.1.3",
        "tslib": "^1.10.0"
      }
    },
    "@taiga-ui/core": {
      "version": "2.7.0",
      "resolved": "https://registry.npmjs.org/@taiga-ui/core/-/core-2.7.0.tgz",
      "integrity": "sha512-t7chNsUEbVO/EA7WN8K6muvkTCj9sil1dInLx+zRzyaBp3ArzkIk5xuZFjdSYdn4VE0hoNCgG0C1CtYpAzNPgw==",
      "requires": {
        "@taiga-ui/i18n": "2.7.0",
        "tslib": "^1.10.0"
      }
    },
    "@taiga-ui/i18n": {
      "version": "2.7.0",
      "resolved": "https://registry.npmjs.org/@taiga-ui/i18n/-/i18n-2.7.0.tgz",
      "integrity": "sha512-FFJ4I2R2PT0fxJmmlTOrj8QlSYuFbcipRkCNBCaPRfFmN5xi0rIsQBngiBFSJ7Zf/9XbkiWMwZHSqFTzikSJQg==",
      "requires": {
        "tslib": "^1.10.0"
      }
    },
    "@taiga-ui/icons": {
      "version": "2.7.0",
      "resolved": "https://registry.npmjs.org/@taiga-ui/icons/-/icons-2.7.0.tgz",
      "integrity": "sha512-DoZDvnFg37d3TL7KKi3e1uUvuOCr1L233ZLBBQ1j+pOl81gpUTfV3bOkkPgOQwDOX1uT5J8SK4AvvhBn7ogZmg==",
      "requires": {
        "tslib": "^1.10.0"
      }
    },
    "@taiga-ui/kit": {
      "version": "2.7.0",
      "resolved": "https://registry.npmjs.org/@taiga-ui/kit/-/kit-2.7.0.tgz",
      "integrity": "sha512-7j+kz2tKauKnJyow5n2aUg+ad4qG4wr3LWzMRDCp1jxFN17YJGVsvVuz8esraL0XQjS11X5w97Y2X7LYjFNc4g==",
      "requires": {
        "@ng-web-apis/intersection-observer": "2.0.1",
        "angular2-text-mask": "9.0.0",
        "tslib": "^1.10.0"
      }
    },
    "@tinkoff/ng-event-plugins": {
      "version": "2.1.3",
      "resolved": "https://registry.npmjs.org/@tinkoff/ng-event-plugins/-/ng-event-plugins-2.1.3.tgz",
      "integrity": "sha512-+n7+4tUIDa1dFxou8u/gCmoNE+/RKOp83BF8sffC1qrctNVohgws4fOr9Qpe2dGZhEoTQlYK9/4rJ3R8XiZ0dg==",
      "requires": {
        "tslib": "^1.10.0"
      }
    },
    "@tinkoff/ng-polymorpheus": {
      "version": "3.0.0",
      "resolved": "https://registry.npmjs.org/@tinkoff/ng-polymorpheus/-/ng-polymorpheus-3.0.0.tgz",
      "integrity": "sha512-I4b0c3u6XRNUb/hpXETlezK5FxQCRwyEoPYs8WQ6xnphFzHPeeSZzQjjMbp83qaJHon3go56aktv6lFoNDI3KA==",
      "requires": {
        "tslib": "^1.10.0"
      }
    },
    "@types/resize-observer-browser": {
      "version": "0.1.3",
      "resolved": "https://registry.npmjs.org/@types/resize-observer-browser/-/resize-observer-browser-0.1.3.tgz",
      "integrity": "sha512-3tGjLIDH8L57fWOfC7NVn/BbGQD7pXwbkk2+8Z4hK/S7kOIv1MUN4nkKjfx0qg4ctkukjzp3Bgr/Z+Hq5ZQZTQ=="
    },
    "angular2-text-mask": {
      "version": "9.0.0",
      "resolved": "https://registry.npmjs.org/angular2-text-mask/-/angular2-text-mask-9.0.0.tgz",
      "integrity": "sha512-iALcnhJPS1zvX48d86rgUgDe/crX6XfhZrXC4Gdlo2/YwZW7u7KJZY6/b3ieSCIWVq/E6p+wDCzeo3E6leRjDA==",
      "requires": {
        "text-mask-core": "^5.0.0"
      }
    },
    "network-information-types": {
      "version": "0.1.0",
      "resolved": "https://registry.npmjs.org/network-information-types/-/network-information-types-0.1.0.tgz",
      "integrity": "sha512-cRUCYZoRHTMjYcgk5MbwqM0h0Za34panRxAJKY8n+mQ+NLMuRIw7aKzmaZqkC/cte7bnRcdfTwFA27GgN62EtQ=="
    },
    "text-mask-core": {
      "version": "5.1.2",
      "resolved": "https://registry.npmjs.org/text-mask-core/-/text-mask-core-5.1.2.tgz",
      "integrity": "sha1-gN1evgSCV1fkZhnmkUB6n4s8G28="
    },
    "tslib": {
      "version": "1.14.1",
      "resolved": "https://registry.npmjs.org/tslib/-/tslib-1.14.1.tgz",
      "integrity": "sha512-Xni35NKzjgMrwevysHTCArtLDpPvye8zV/0E4EyYn43P7/7qvQwPh9BGkHewbMulVntbigmcT7rdX3BNo9wRJg=="
    }
  }
}
